
Microsoft Visual Studio Solution File, Format Version 12.00
# Visual Studio 15
VisualStudioVersion = 15.0.28307.106
MinimumVisualStudioVersion = 10.0.40219.1
Project("{9A19103F-16F7-4668-BE54-9A1E7A4F7556}") = "UserManagement.API", "UserManagement\UserManagement.API.csproj", "{EBC4313F-AC5B-4F87-8A7C-13DF4E6F983D}"
EndProject
Project("{9A19103F-16F7-4668-BE54-9A1E7A4F7556}") = "UserManagement.Data", "UserManagement.DAL\UserManagement.Data.csproj", "{11C5CBBA-E3BD-473A-BCC3-222D76713CC5}"
EndProject
Project("{9A19103F-16F7-4668-BE54-9A1E7A4F7556}") = "UserManagement.Domain", "UserManagement.Domain\UserManagement.Domain.csproj", "{7F325AA8-F4BA-4FC2-83E2-17FBD24F507D}"
EndProject
Global
	GlobalSection(SolutionConfigurationPlatforms) = preSolution
		Debug|Any CPU = Debug|Any CPU
		Release|Any CPU = Release|Any CPU
	EndGlobalSection
	GlobalSection(ProjectConfigurationPlatforms) = postSolution
		{EBC4313F-AC5B-4F87-8A7C-13DF4E6F983D}.Debug|Any CPU.ActiveCfg = Debug|Any CPU
		{EBC4313F-AC5B-4F87-8A7C-13DF4E6F983D}.Debug|Any CPU.Build.0 = Debug|Any CPU
		{EBC4313F-AC5B-4F87-8A7C-13DF4E6F983D}.Release|Any CPU.ActiveCfg = Release|Any CPU
		{EBC4313F-AC5B-4F87-8A7C-13DF4E6F983D}.Release|Any CPU.Build.0 = Release|Any CPU
		{11C5CBBA-E3BD-473A-BCC3-222D76713CC5}.Debug|Any CPU.ActiveCfg = Debug|Any CPU
		{11C5CBBA-E3BD-473A-BCC3-222D76713CC5}.Debug|Any CPU.Build.0 = Debug|Any CPU
		{11C5CBBA-E3BD-473A-BCC3-222D76713CC5}.Release|Any CPU.ActiveCfg = Release|Any CPU
		{11C5CBBA-E3BD-473A-BCC3-222D76713CC5}.Release|Any CPU.Build.0 = Release|Any CPU
		{7F325AA8-F4BA-4FC2-83E2-17FBD24F507D}.Debug|Any CPU.ActiveCfg = Debug|Any CPU
		{7F325AA8-F4BA-4FC2-83E2-17FBD24F507D}.Debug|Any CPU.Build.0 = Debug|Any CPU
		{7F325AA8-F4BA-4FC2-83E2-17FBD24F507D}.Release|Any CPU.ActiveCfg = Release|Any CPU
		{7F325AA8-F4BA-4FC2-83E2-17FBD24F507D}.Release|Any CPU.Build.0 = Release|Any CPU
	EndGlobalSection
	GlobalSection(SolutionProperties) = preSolution
		HideSolutionNode = FALSE
	EndGlobalSection
	GlobalSection(ExtensibilityGlobals) = postSolution
		SolutionGuid = {7DA700F0-0951-4B88-9CBF-EF5813BBB80B}
	EndGlobalSection
EndGlobal
